
Microsoft Visual Studio Solution File, Format Version 12.00
# Visual Studio Version 17
VisualStudioVersion = 17.6.33829.357
MinimumVisualStudioVersion = 10.0.40219.1
Project("{FAE04EC0-301F-11D3-BF4B-00C04F79EFBC}") = "FirstChoice", "FirstChoice.csproj", "{99FEC2DE-13AC-4F7C-A312-A7C7415686DE}"
EndProject
Global
	GlobalSection(SolutionConfigurationPlatforms) = preSolution
		Debug|Any CPU = Debug|Any CPU
		Release|Any CPU = Release|Any CPU
	EndGlobalSection
	GlobalSection(ProjectConfigurationPlatforms) = postSolution
		{99FEC2DE-13AC-4F7C-A312-A7C7415686DE}.Debug|Any CPU.ActiveCfg = Debug|Any CPU
		{99FEC2DE-13AC-4F7C-A312-A7C7415686DE}.Debug|Any CPU.Build.0 = Debug|Any CPU
		{99FEC2DE-13AC-4F7C-A312-A7C7415686DE}.Release|Any CPU.ActiveCfg = Release|Any CPU
		{99FEC2DE-13AC-4F7C-A312-A7C7415686DE}.Release|Any CPU.Build.0 = Release|Any CPU
	EndGlobalSection
	GlobalSection(SolutionProperties) = preSolution
		HideSolutionNode = FALSE
	EndGlobalSection
	GlobalSection(ExtensibilityGlobals) = postSolution
		SolutionGuid = {703D1E6D-161E-4CC0-B870-5BCA7D7D82FD}
	EndGlobalSection
EndGlobal
